
Microsoft Visual Studio Solution File, Format Version 12.00
# Visual Studio 15
VisualStudioVersion = 15.0.28307.329
MinimumVisualStudioVersion = 10.0.40219.1
Project("{FAE04EC0-301F-11D3-BF4B-00C04F79EFBC}") = "Switches", "Switches\Switches.csproj", "{D1235DAC-AD88-4CF7-9568-41E645BF72E7}"
EndProject
Global
	GlobalSection(SolutionConfigurationPlatforms) = preSolution
		Debug|Any CPU = Debug|Any CPU
		Release|Any CPU = Release|Any CPU
	EndGlobalSection
	GlobalSection(ProjectConfigurationPlatforms) = postSolution
		{D1235DAC-AD88-4CF7-9568-41E645BF72E7}.Debug|Any CPU.ActiveCfg = Debug|Any CPU
		{D1235DAC-AD88-4CF7-9568-41E645BF72E7}.Debug|Any CPU.Build.0 = Debug|Any CPU
		{D1235DAC-AD88-4CF7-9568-41E645BF72E7}.Release|Any CPU.ActiveCfg = Release|Any CPU
		{D1235DAC-AD88-4CF7-9568-41E645BF72E7}.Release|Any CPU.Build.0 = Release|Any CPU
	EndGlobalSection
	GlobalSection(SolutionProperties) = preSolution
		HideSolutionNode = FALSE
	EndGlobalSection
	GlobalSection(ExtensibilityGlobals) = postSolution
		SolutionGuid = {CC13F901-2C0D-4A9F-9120-1958B640C1C0}
	EndGlobalSection
EndGlobal
